
Microsoft Visual Studio Solution File, Format Version 12.00
# Visual Studio Version 17
VisualStudioVersion = 17.4.33213.308
MinimumVisualStudioVersion = 10.0.40219.1
Project("{9A19103F-16F7-4668-BE54-9A1E7A4F7556}") = "IconPacksGenerator", "IconPacksGenerator\IconPacksGenerator.csproj", "{EC0AEFFE-C16B-4496-A96A-477274A337B3}"
EndProject
Project("{9A19103F-16F7-4668-BE54-9A1E7A4F7556}") = "IconPacks.Material", "IconPacks.Material\IconPacks.Material.csproj", "{1F3DDD8D-5C7A-43D0-9B6C-84F91B03BB01}"
EndProject
Project("{9A19103F-16F7-4668-BE54-9A1E7A4F7556}") = "IconPacks.MaterialCommunity", "IconPacks.MaterialCommunity\IconPacks.MaterialCommunity.csproj", "{CEDEC398-1A3A-4BA0-90C9-3581C3A1F976}"
EndProject
Project("{9A19103F-16F7-4668-BE54-9A1E7A4F7556}") = "IconPacks.Ionic", "IconPacks.Ionic\IconPacks.Ionic.csproj", "{BCCDA0B0-DDB6-4B1C-9BA1-0F77F58B6141}"
EndProject
Project("{9A19103F-16F7-4668-BE54-9A1E7A4F7556}") = "IconPacks.Feather", "IconPacks.Feather\IconPacks.Feather.csproj", "{B4ECF4D5-FAD1-40D2-8E05-676BAF3EE19B}"
EndProject
Project("{9A19103F-16F7-4668-BE54-9A1E7A4F7556}") = "IconPacks.FontAwesome", "IconPacks.FontAwesome\IconPacks.FontAwesome.csproj", "{3972954D-3049-41D2-B9B2-0CF2E0504EB5}"
EndProject
Project("{9A19103F-16F7-4668-BE54-9A1E7A4F7556}") = "IconPacks.Tabler", "IconPacks.Tabler\IconPacks.Tabler.csproj", "{B54F22BA-9521-4CB5-9FEC-DCC55B86078F}"
EndProject
Global
	GlobalSection(SolutionConfigurationPlatforms) = preSolution
		Debug|Any CPU = Debug|Any CPU
		Release|Any CPU = Release|Any CPU
	EndGlobalSection
	GlobalSection(ProjectConfigurationPlatforms) = postSolution
		{EC0AEFFE-C16B-4496-A96A-477274A337B3}.Debug|Any CPU.ActiveCfg = Debug|Any CPU
		{EC0AEFFE-C16B-4496-A96A-477274A337B3}.Debug|Any CPU.Build.0 = Debug|Any CPU
		{EC0AEFFE-C16B-4496-A96A-477274A337B3}.Release|Any CPU.ActiveCfg = Release|Any CPU
		{EC0AEFFE-C16B-4496-A96A-477274A337B3}.Release|Any CPU.Build.0 = Release|Any CPU
		{1F3DDD8D-5C7A-43D0-9B6C-84F91B03BB01}.Debug|Any CPU.ActiveCfg = Debug|Any CPU
		{1F3DDD8D-5C7A-43D0-9B6C-84F91B03BB01}.Debug|Any CPU.Build.0 = Debug|Any CPU
		{1F3DDD8D-5C7A-43D0-9B6C-84F91B03BB01}.Release|Any CPU.ActiveCfg = Release|Any CPU
		{1F3DDD8D-5C7A-43D0-9B6C-84F91B03BB01}.Release|Any CPU.Build.0 = Release|Any CPU
		{CEDEC398-1A3A-4BA0-90C9-3581C3A1F976}.Debug|Any CPU.ActiveCfg = Debug|Any CPU
		{CEDEC398-1A3A-4BA0-90C9-3581C3A1F976}.Debug|Any CPU.Build.0 = Debug|Any CPU
		{CEDEC398-1A3A-4BA0-90C9-3581C3A1F976}.Release|Any CPU.ActiveCfg = Release|Any CPU
		{CEDEC398-1A3A-4BA0-90C9-3581C3A1F976}.Release|Any CPU.Build.0 = Release|Any CPU
		{BCCDA0B0-DDB6-4B1C-9BA1-0F77F58B6141}.Debug|Any CPU.ActiveCfg = Debug|Any CPU
		{BCCDA0B0-DDB6-4B1C-9BA1-0F77F58B6141}.Debug|Any CPU.Build.0 = Debug|Any CPU
		{BCCDA0B0-DDB6-4B1C-9BA1-0F77F58B6141}.Release|Any CPU.ActiveCfg = Release|Any CPU
		{BCCDA0B0-DDB6-4B1C-9BA1-0F77F58B6141}.Release|Any CPU.Build.0 = Release|Any CPU
		{B4ECF4D5-FAD1-40D2-8E05-676BAF3EE19B}.Debug|Any CPU.ActiveCfg = Debug|Any CPU
		{B4ECF4D5-FAD1-40D2-8E05-676BAF3EE19B}.Debug|Any CPU.Build.0 = Debug|Any CPU
		{B4ECF4D5-FAD1-40D2-8E05-676BAF3EE19B}.Release|Any CPU.ActiveCfg = Release|Any CPU
		{B4ECF4D5-FAD1-40D2-8E05-676BAF3EE19B}.Release|Any CPU.Build.0 = Release|Any CPU
		{3972954D-3049-41D2-B9B2-0CF2E0504EB5}.Debug|Any CPU.ActiveCfg = Debug|Any CPU
		{3972954D-3049-41D2-B9B2-0CF2E0504EB5}.Debug|Any CPU.Build.0 = Debug|Any CPU
		{3972954D-3049-41D2-B9B2-0CF2E0504EB5}.Release|Any CPU.ActiveCfg = Release|Any CPU
		{3972954D-3049-41D2-B9B2-0CF2E0504EB5}.Release|Any CPU.Build.0 = Release|Any CPU
		{B54F22BA-9521-4CB5-9FEC-DCC55B86078F}.Debug|Any CPU.ActiveCfg = Debug|Any CPU
		{B54F22BA-9521-4CB5-9FEC-DCC55B86078F}.Debug|Any CPU.Build.0 = Debug|Any CPU
		{B54F22BA-9521-4CB5-9FEC-DCC55B86078F}.Release|Any CPU.ActiveCfg = Release|Any CPU
		{B54F22BA-9521-4CB5-9FEC-DCC55B86078F}.Release|Any CPU.Build.0 = Release|Any CPU
	EndGlobalSection
	GlobalSection(SolutionProperties) = preSolution
		HideSolutionNode = FALSE
	EndGlobalSection
	GlobalSection(ExtensibilityGlobals) = postSolution
		SolutionGuid = {CC339F10-06EC-41DC-825B-1836AACAF1D2}
	EndGlobalSection
EndGlobal
